// !$*UTF8*$!
{
	archiveVersion = 1;
	classes = {
	};
	objectVersion = 50;
	objects = {

/* Begin PBXBuildFile section */
		6B1CDFCE232838AA002A77A4 /* GradientView.swift in Sources */ = {isa = PBXBuildFile; fileRef = 6B1CDFCD232838AA002A77A4 /* GradientView.swift */; };
		6B1D9B272321804500D02121 /* LaunchScreen.storyboard in Resources */ = {isa = PBXBuildFile; fileRef = 6B1D9B262321804500D02121 /* LaunchScreen.storyboard */; };
		6B1D9B302321846200D02121 /* StartViewController.swift in Sources */ = {isa = PBXBuildFile; fileRef = 6B1D9B2E2321846200D02121 /* StartViewController.swift */; };
		6B1D9B312321846200D02121 /* StartViewController.xib in Resources */ = {isa = PBXBuildFile; fileRef = 6B1D9B2F2321846200D02121 /* StartViewController.xib */; };
		6B1D9B332321896100D02121 /* GithubRepo.swift in Sources */ = {isa = PBXBuildFile; fileRef = 6B1D9B322321896100D02121 /* GithubRepo.swift */; };
		6B1D9B4A23218B7E00D02121 /* HeaderKey.swift in Sources */ = {isa = PBXBuildFile; fileRef = 6B1D9B3623218B7E00D02121 /* HeaderKey.swift */; };
		6B1D9B4B23218B7E00D02121 /* ParametersEncoding.swift in Sources */ = {isa = PBXBuildFile; fileRef = 6B1D9B3723218B7E00D02121 /* ParametersEncoding.swift */; };
		6B1D9B4C23218B7E00D02121 /* NetworkTask.swift in Sources */ = {isa = PBXBuildFile; fileRef = 6B1D9B3823218B7E00D02121 /* NetworkTask.swift */; };
		6B1D9B4D23218B7E00D02121 /* HTTPMethod.swift in Sources */ = {isa = PBXBuildFile; fileRef = 6B1D9B3923218B7E00D02121 /* HTTPMethod.swift */; };
		6B1D9B4F23218B7E00D02121 /* NetworkError.swift in Sources */ = {isa = PBXBuildFile; fileRef = 6B1D9B3B23218B7E00D02121 /* NetworkError.swift */; };
		6B1D9B5023218B7E00D02121 /* URLSessionProvider.swift in Sources */ = {isa = PBXBuildFile; fileRef = 6B1D9B3D23218B7E00D02121 /* URLSessionProvider.swift */; };
		6B1D9B5123218B7E00D02121 /* URLComponentsExtension.swift in Sources */ = {isa = PBXBuildFile; fileRef = 6B1D9B3F23218B7E00D02121 /* URLComponentsExtension.swift */; };
		6B1D9B5223218B7E00D02121 /* DataExtension.swift in Sources */ = {isa = PBXBuildFile; fileRef = 6B1D9B4023218B7E00D02121 /* DataExtension.swift */; };
		6B1D9B5323218B7E00D02121 /* URLRequestExtension.swift in Sources */ = {isa = PBXBuildFile; fileRef = 6B1D9B4123218B7E00D02121 /* URLRequestExtension.swift */; };
		6B1D9B5423218B7E00D02121 /* ApiServiceWorker.swift in Sources */ = {isa = PBXBuildFile; fileRef = 6B1D9B4323218B7E00D02121 /* ApiServiceWorker.swift */; };
		6B1D9B5523218B7E00D02121 /* ServiceProtocol.swift in Sources */ = {isa = PBXBuildFile; fileRef = 6B1D9B4523218B7E00D02121 /* ServiceProtocol.swift */; };
		6B1D9B5623218B7E00D02121 /* URLSessionProtocol.swift in Sources */ = {isa = PBXBuildFile; fileRef = 6B1D9B4623218B7E00D02121 /* URLSessionProtocol.swift */; };
		6B1D9B5723218B7E00D02121 /* ProviderProtocol.swift in Sources */ = {isa = PBXBuildFile; fileRef = 6B1D9B4723218B7E00D02121 /* ProviderProtocol.swift */; };
		6B1D9B5823218B7E00D02121 /* ApiService.swift in Sources */ = {isa = PBXBuildFile; fileRef = 6B1D9B4923218B7E00D02121 /* ApiService.swift */; };
		6B5A09132323CB01001CBC10 /* TableListViewController.swift in Sources */ = {isa = PBXBuildFile; fileRef = 6B5A09112323CB01001CBC10 /* TableListViewController.swift */; };
		6B5A09142323CB01001CBC10 /* TableListViewController.xib in Resources */ = {isa = PBXBuildFile; fileRef = 6B5A09122323CB01001CBC10 /* TableListViewController.xib */; };
		6B5A09162323CB9B001CBC10 /* Colors.xcassets in Resources */ = {isa = PBXBuildFile; fileRef = 6B5A09152323CB9B001CBC10 /* Colors.xcassets */; };
		6B5A09182323CC3F001CBC10 /* Colors.swift in Sources */ = {isa = PBXBuildFile; fileRef = 6B5A09172323CC3F001CBC10 /* Colors.swift */; };
		6B5A091C2323D4CF001CBC10 /* SimpleTableViewCell.swift in Sources */ = {isa = PBXBuildFile; fileRef = 6B5A091A2323D4CF001CBC10 /* SimpleTableViewCell.swift */; };
		6B5A091D2323D4CF001CBC10 /* SimpleTableViewCell.xib in Resources */ = {isa = PBXBuildFile; fileRef = 6B5A091B2323D4CF001CBC10 /* SimpleTableViewCell.xib */; };
		6B5A091F2323DA9B001CBC10 /* UITableView+extensions.swift in Sources */ = {isa = PBXBuildFile; fileRef = 6B5A091E2323DA9B001CBC10 /* UITableView+extensions.swift */; };
		6B5A0921232412F1001CBC10 /* GithubRepoViewModel.swift in Sources */ = {isa = PBXBuildFile; fileRef = 6B5A0920232412F1001CBC10 /* GithubRepoViewModel.swift */; };
		6B5A092323241410001CBC10 /* Int+extensions.swift in Sources */ = {isa = PBXBuildFile; fileRef = 6B5A092223241410001CBC10 /* Int+extensions.swift */; };
		6B5A092623241B77001CBC10 /* ToolBarView.swift in Sources */ = {isa = PBXBuildFile; fileRef = 6B5A092523241B77001CBC10 /* ToolBarView.swift */; };
		6B5A092823243D65001CBC10 /* ImageService.swift in Sources */ = {isa = PBXBuildFile; fileRef = 6B5A092723243D65001CBC10 /* ImageService.swift */; };
		6B5A092A2324F540001CBC10 /* ImageCacheService.swift in Sources */ = {isa = PBXBuildFile; fileRef = 6B5A09292324F53F001CBC10 /* ImageCacheService.swift */; };
		6B7473CC2323B11B006BBC20 /* ListViewController.swift in Sources */ = {isa = PBXBuildFile; fileRef = 6B7473CA2323B11B006BBC20 /* ListViewController.swift */; };
		6B7473CD2323B11B006BBC20 /* ListViewController.xib in Resources */ = {isa = PBXBuildFile; fileRef = 6B7473CB2323B11B006BBC20 /* ListViewController.xib */; };
		6B7473D22323B36B006BBC20 /* UIView+extensions.swift in Sources */ = {isa = PBXBuildFile; fileRef = 6B7473CF2323B36B006BBC20 /* UIView+extensions.swift */; };
		6B7473D32323B36B006BBC20 /* UIViewController+extensions.swift in Sources */ = {isa = PBXBuildFile; fileRef = 6B7473D02323B36B006BBC20 /* UIViewController+extensions.swift */; };
		6B7473D52323B7AF006BBC20 /* ListViewModel.swift in Sources */ = {isa = PBXBuildFile; fileRef = 6B7473D42323B7AF006BBC20 /* ListViewModel.swift */; };
		6B7473D92323BF49006BBC20 /* Alert.swift in Sources */ = {isa = PBXBuildFile; fileRef = 6B7473D82323BF49006BBC20 /* Alert.swift */; };
		6BADB3BC23254B790030245B /* DetailsViewController.swift in Sources */ = {isa = PBXBuildFile; fileRef = 6BADB3BA23254B790030245B /* DetailsViewController.swift */; };
		6BADB3BD23254B790030245B /* DetailsViewController.xib in Resources */ = {isa = PBXBuildFile; fileRef = 6BADB3BB23254B790030245B /* DetailsViewController.xib */; };
		6BE59895232177FE007C45EC /* AppDelegate.swift in Sources */ = {isa = PBXBuildFile; fileRef = 6BE59894232177FE007C45EC /* AppDelegate.swift */; };
		6BE5989C232177FF007C45EC /* Assets.xcassets in Resources */ = {isa = PBXBuildFile; fileRef = 6BE5989B232177FF007C45EC /* Assets.xcassets */; };
/* End PBXBuildFile section */

/* Begin PBXFileReference section */
		6B1CDFCD232838AA002A77A4 /* GradientView.swift */ = {isa = PBXFileReference; lastKnownFileType = sourcecode.swift; path = GradientView.swift; sourceTree = "<group>"; };
		6B1D9B262321804500D02121 /* LaunchScreen.storyboard */ = {isa = PBXFileReference; lastKnownFileType = file.storyboard; path = LaunchScreen.storyboard; sourceTree = "<group>"; };
		6B1D9B2E2321846200D02121 /* StartViewController.swift */ = {isa = PBXFileReference; lastKnownFileType = sourcecode.swift; path = StartViewController.swift; sourceTree = "<group>"; };
		6B1D9B2F2321846200D02121 /* StartViewController.xib */ = {isa = PBXFileReference; lastKnownFileType = file.xib; path = StartViewController.xib; sourceTree = "<group>"; };
		6B1D9B322321896100D02121 /* GithubRepo.swift */ = {isa = PBXFileReference; lastKnownFileType = sourcecode.swift; path = GithubRepo.swift; sourceTree = "<group>"; };
		6B1D9B3623218B7E00D02121 /* HeaderKey.swift */ = {isa = PBXFileReference; fileEncoding = 4; lastKnownFileType = sourcecode.swift; path = HeaderKey.swift; sourceTree = "<group>"; };
		6B1D9B3723218B7E00D02121 /* ParametersEncoding.swift */ = {isa = PBXFileReference; fileEncoding = 4; lastKnownFileType = sourcecode.swift; path = ParametersEncoding.swift; sourceTree = "<group>"; };
		6B1D9B3823218B7E00D02121 /* NetworkTask.swift */ = {isa = PBXFileReference; fileEncoding = 4; lastKnownFileType = sourcecode.swift; path = NetworkTask.swift; sourceTree = "<group>"; };
		6B1D9B3923218B7E00D02121 /* HTTPMethod.swift */ = {isa = PBXFileReference; fileEncoding = 4; lastKnownFileType = sourcecode.swift; path = HTTPMethod.swift; sourceTree = "<group>"; };
		6B1D9B3B23218B7E00D02121 /* NetworkError.swift */ = {isa = PBXFileReference; fileEncoding = 4; lastKnownFileType = sourcecode.swift; path = NetworkError.swift; sourceTree = "<group>"; };
		6B1D9B3D23218B7E00D02121 /* URLSessionProvider.swift */ = {isa = PBXFileReference; fileEncoding = 4; lastKnownFileType = sourcecode.swift; path = URLSessionProvider.swift; sourceTree = "<group>"; };
		6B1D9B3F23218B7E00D02121 /* URLComponentsExtension.swift */ = {isa = PBXFileReference; fileEncoding = 4; lastKnownFileType = sourcecode.swift; path = URLComponentsExtension.swift; sourceTree = "<group>"; };
		6B1D9B4023218B7E00D02121 /* DataExtension.swift */ = {isa = PBXFileReference; fileEncoding = 4; lastKnownFileType = sourcecode.swift; path = DataExtension.swift; sourceTree = "<group>"; };
		6B1D9B4123218B7E00D02121 /* URLRequestExtension.swift */ = {isa = PBXFileReference; fileEncoding = 4; lastKnownFileType = sourcecode.swift; path = URLRequestExtension.swift; sourceTree = "<group>"; };
		6B1D9B4323218B7E00D02121 /* ApiServiceWorker.swift */ = {isa = PBXFileReference; fileEncoding = 4; lastKnownFileType = sourcecode.swift; path = ApiServiceWorker.swift; sourceTree = "<group>"; };
		6B1D9B4523218B7E00D02121 /* ServiceProtocol.swift */ = {isa = PBXFileReference; fileEncoding = 4; lastKnownFileType = sourcecode.swift; path = ServiceProtocol.swift; sourceTree = "<group>"; };
		6B1D9B4623218B7E00D02121 /* URLSessionProtocol.swift */ = {isa = PBXFileReference; fileEncoding = 4; lastKnownFileType = sourcecode.swift; path = URLSessionProtocol.swift; sourceTree = "<group>"; };
		6B1D9B4723218B7E00D02121 /* ProviderProtocol.swift */ = {isa = PBXFileReference; fileEncoding = 4; lastKnownFileType = sourcecode.swift; path = ProviderProtocol.swift; sourceTree = "<group>"; };
		6B1D9B4923218B7E00D02121 /* ApiService.swift */ = {isa = PBXFileReference; fileEncoding = 4; lastKnownFileType = sourcecode.swift; path = ApiService.swift; sourceTree = "<group>"; };
		6B5A09112323CB01001CBC10 /* TableListViewController.swift */ = {isa = PBXFileReference; lastKnownFileType = sourcecode.swift; path = TableListViewController.swift; sourceTree = "<group>"; };
		6B5A09122323CB01001CBC10 /* TableListViewController.xib */ = {isa = PBXFileReference; lastKnownFileType = file.xib; path = TableListViewController.xib; sourceTree = "<group>"; };
		6B5A09152323CB9B001CBC10 /* Colors.xcassets */ = {isa = PBXFileReference; lastKnownFileType = folder.assetcatalog; path = Colors.xcassets; sourceTree = "<group>"; };
		6B5A09172323CC3F001CBC10 /* Colors.swift */ = {isa = PBXFileReference; lastKnownFileType = sourcecode.swift; path = Colors.swift; sourceTree = "<group>"; };
		6B5A091A2323D4CF001CBC10 /* SimpleTableViewCell.swift */ = {isa = PBXFileReference; lastKnownFileType = sourcecode.swift; path = SimpleTableViewCell.swift; sourceTree = "<group>"; };
		6B5A091B2323D4CF001CBC10 /* SimpleTableViewCell.xib */ = {isa = PBXFileReference; lastKnownFileType = file.xib; path = SimpleTableViewCell.xib; sourceTree = "<group>"; };
		6B5A091E2323DA9B001CBC10 /* UITableView+extensions.swift */ = {isa = PBXFileReference; lastKnownFileType = sourcecode.swift; path = "UITableView+extensions.swift"; sourceTree = "<group>"; };
		6B5A0920232412F1001CBC10 /* GithubRepoViewModel.swift */ = {isa = PBXFileReference; lastKnownFileType = sourcecode.swift; path = GithubRepoViewModel.swift; sourceTree = "<group>"; };
		6B5A092223241410001CBC10 /* Int+extensions.swift */ = {isa = PBXFileReference; lastKnownFileType = sourcecode.swift; path = "Int+extensions.swift"; sourceTree = "<group>"; };
		6B5A092523241B77001CBC10 /* ToolBarView.swift */ = {isa = PBXFileReference; lastKnownFileType = sourcecode.swift; path = ToolBarView.swift; sourceTree = "<group>"; };
		6B5A092723243D65001CBC10 /* ImageService.swift */ = {isa = PBXFileReference; lastKnownFileType = sourcecode.swift; path = ImageService.swift; sourceTree = "<group>"; };
		6B5A09292324F53F001CBC10 /* ImageCacheService.swift */ = {isa = PBXFileReference; lastKnownFileType = sourcecode.swift; path = ImageCacheService.swift; sourceTree = "<group>"; };
		6B7473CA2323B11B006BBC20 /* ListViewController.swift */ = {isa = PBXFileReference; lastKnownFileType = sourcecode.swift; path = ListViewController.swift; sourceTree = "<group>"; };
		6B7473CB2323B11B006BBC20 /* ListViewController.xib */ = {isa = PBXFileReference; lastKnownFileType = file.xib; path = ListViewController.xib; sourceTree = "<group>"; };
		6B7473CF2323B36B006BBC20 /* UIView+extensions.swift */ = {isa = PBXFileReference; fileEncoding = 4; lastKnownFileType = sourcecode.swift; path = "UIView+extensions.swift"; sourceTree = "<group>"; };
		6B7473D02323B36B006BBC20 /* UIViewController+extensions.swift */ = {isa = PBXFileReference; fileEncoding = 4; lastKnownFileType = sourcecode.swift; path = "UIViewController+extensions.swift"; sourceTree = "<group>"; };
		6B7473D42323B7AF006BBC20 /* ListViewModel.swift */ = {isa = PBXFileReference; lastKnownFileType = sourcecode.swift; path = ListViewModel.swift; sourceTree = "<group>"; };
		6B7473D82323BF49006BBC20 /* Alert.swift */ = {isa = PBXFileReference; lastKnownFileType = sourcecode.swift; path = Alert.swift; sourceTree = "<group>"; };
		6BADB3BA23254B790030245B /* DetailsViewController.swift */ = {isa = PBXFileReference; lastKnownFileType = sourcecode.swift; path = DetailsViewController.swift; sourceTree = "<group>"; };
		6BADB3BB23254B790030245B /* DetailsViewController.xib */ = {isa = PBXFileReference; lastKnownFileType = file.xib; path = DetailsViewController.xib; sourceTree = "<group>"; };
		6BE59891232177FE007C45EC /* SwiftTrendingRepos.app */ = {isa = PBXFileReference; explicitFileType = wrapper.application; includeInIndex = 0; path = SwiftTrendingRepos.app; sourceTree = BUILT_PRODUCTS_DIR; };
		6BE59894232177FE007C45EC /* AppDelegate.swift */ = {isa = PBXFileReference; lastKnownFileType = sourcecode.swift; path = AppDelegate.swift; sourceTree = "<group>"; };
		6BE5989B232177FF007C45EC /* Assets.xcassets */ = {isa = PBXFileReference; lastKnownFileType = folder.assetcatalog; path = Assets.xcassets; sourceTree = "<group>"; };
		6BE598A0232177FF007C45EC /* Info.plist */ = {isa = PBXFileReference; lastKnownFileType = text.plist.xml; path = Info.plist; sourceTree = "<group>"; };
/* End PBXFileReference section */

/* Begin PBXFrameworksBuildPhase section */
		6BE5988E232177FE007C45EC /* Frameworks */ = {
			isa = PBXFrameworksBuildPhase;
			buildActionMask = 2147483647;
			files = (
			);
			runOnlyForDeploymentPostprocessing = 0;
		};
/* End PBXFrameworksBuildPhase section */

/* Begin PBXGroup section */
		6B1CDFCC2328386E002A77A4 /* Views */ = {
			isa = PBXGroup;
			children = (
				6B1CDFCD232838AA002A77A4 /* GradientView.swift */,
			);
			path = Views;
			sourceTree = "<group>";
		};
		6B1D9B2123217E8300D02121 /* View Controllers */ = {
			isa = PBXGroup;
			children = (
				6B1D9B2223217EFE00D02121 /* Start */,
				6B1D9B282321823500D02121 /* List */,
				6B5A09102323CAC3001CBC10 /* Table List */,
				6B1D9B292321824300D02121 /* Details */,
			);
			path = "View Controllers";
			sourceTree = "<group>";
		};
		6B1D9B2223217EFE00D02121 /* Start */ = {
			isa = PBXGroup;
			children = (
				6B1D9B2E2321846200D02121 /* StartViewController.swift */,
				6B1D9B2F2321846200D02121 /* StartViewController.xib */,
			);
			path = Start;
			sourceTree = "<group>";
		};
		6B1D9B252321800C00D02121 /* Other */ = {
			isa = PBXGroup;
			children = (
				6BE5989B232177FF007C45EC /* Assets.xcassets */,
				6B5A09152323CB9B001CBC10 /* Colors.xcassets */,
				6B5A09172323CC3F001CBC10 /* Colors.swift */,
				6B1D9B262321804500D02121 /* LaunchScreen.storyboard */,
			);
			path = Other;
			sourceTree = "<group>";
		};
		6B1D9B282321823500D02121 /* List */ = {
			isa = PBXGroup;
			children = (
				6B5A092423241B46001CBC10 /* Views */,
				6B7473CA2323B11B006BBC20 /* ListViewController.swift */,
				6B7473CB2323B11B006BBC20 /* ListViewController.xib */,
				6B7473D42323B7AF006BBC20 /* ListViewModel.swift */,
			);
			path = List;
			sourceTree = "<group>";
		};
		6B1D9B292321824300D02121 /* Details */ = {
			isa = PBXGroup;
			children = (
				6BADB3BA23254B790030245B /* DetailsViewController.swift */,
				6BADB3BB23254B790030245B /* DetailsViewController.xib */,
			);
			path = Details;
			sourceTree = "<group>";
		};
		6B1D9B2A2321827E00D02121 /* Models */ = {
			isa = PBXGroup;
			children = (
				6B1D9B322321896100D02121 /* GithubRepo.swift */,
				6B5A0920232412F1001CBC10 /* GithubRepoViewModel.swift */,
			);
			path = Models;
			sourceTree = "<group>";
		};
		6B1D9B2B2321828E00D02121 /* Services */ = {
			isa = PBXGroup;
			children = (
				6B1D9B3423218B7E00D02121 /* Networking */,
				6B5A092B2324FC29001CBC10 /* Image Service */,
			);
			path = Services;
			sourceTree = "<group>";
		};
		6B1D9B2C232182A800D02121 /* Helpers */ = {
			isa = PBXGroup;
			children = (
				6B1D9B2D232182CE00D02121 /* Extensions */,
				6B1CDFCC2328386E002A77A4 /* Views */,
				6B7473D82323BF49006BBC20 /* Alert.swift */,
			);
			path = Helpers;
			sourceTree = "<group>";
		};
		6B1D9B2D232182CE00D02121 /* Extensions */ = {
			isa = PBXGroup;
			children = (
				6B7473CF2323B36B006BBC20 /* UIView+extensions.swift */,
				6B7473D02323B36B006BBC20 /* UIViewController+extensions.swift */,
				6B5A091E2323DA9B001CBC10 /* UITableView+extensions.swift */,
				6B5A092223241410001CBC10 /* Int+extensions.swift */,
			);
			path = Extensions;
			sourceTree = "<group>";
		};
		6B1D9B3423218B7E00D02121 /* Networking */ = {
			isa = PBXGroup;
			children = (
				6B1D9B3523218B7E00D02121 /* Enums */,
				6B1D9B3C23218B7E00D02121 /* Provider */,
				6B1D9B3E23218B7E00D02121 /* Extensions */,
				6B1D9B4223218B7E00D02121 /* Workers */,
				6B1D9B4423218B7E00D02121 /* Protocols */,
				6B1D9B4823218B7E00D02121 /* Services */,
			);
			path = Networking;
			sourceTree = "<group>";
		};
		6B1D9B3523218B7E00D02121 /* Enums */ = {
			isa = PBXGroup;
			children = (
				6B1D9B3623218B7E00D02121 /* HeaderKey.swift */,
				6B1D9B3723218B7E00D02121 /* ParametersEncoding.swift */,
				6B1D9B3823218B7E00D02121 /* NetworkTask.swift */,
				6B1D9B3923218B7E00D02121 /* HTTPMethod.swift */,
				6B1D9B3B23218B7E00D02121 /* NetworkError.swift */,
			);
			path = Enums;
			sourceTree = "<group>";
		};
		6B1D9B3C23218B7E00D02121 /* Provider */ = {
			isa = PBXGroup;
			children = (
				6B1D9B3D23218B7E00D02121 /* URLSessionProvider.swift */,
			);
			path = Provider;
			sourceTree = "<group>";
		};
		6B1D9B3E23218B7E00D02121 /* Extensions */ = {
			isa = PBXGroup;
			children = (
				6B1D9B3F23218B7E00D02121 /* URLComponentsExtension.swift */,
				6B1D9B4023218B7E00D02121 /* DataExtension.swift */,
				6B1D9B4123218B7E00D02121 /* URLRequestExtension.swift */,
			);
			path = Extensions;
			sourceTree = "<group>";
		};
		6B1D9B4223218B7E00D02121 /* Workers */ = {
			isa = PBXGroup;
			children = (
				6B1D9B4323218B7E00D02121 /* ApiServiceWorker.swift */,
			);
			path = Workers;
			sourceTree = "<group>";
		};
		6B1D9B4423218B7E00D02121 /* Protocols */ = {
			isa = PBXGroup;
			children = (
				6B1D9B4523218B7E00D02121 /* ServiceProtocol.swift */,
				6B1D9B4623218B7E00D02121 /* URLSessionProtocol.swift */,
				6B1D9B4723218B7E00D02121 /* ProviderProtocol.swift */,
			);
			path = Protocols;
			sourceTree = "<group>";
		};
		6B1D9B4823218B7E00D02121 /* Services */ = {
			isa = PBXGroup;
			children = (
				6B1D9B4923218B7E00D02121 /* ApiService.swift */,
			);
			path = Services;
			sourceTree = "<group>";
		};
		6B5A09102323CAC3001CBC10 /* Table List */ = {
			isa = PBXGroup;
			children = (
				6B5A09192323D48F001CBC10 /* Cells */,
				6B5A09112323CB01001CBC10 /* TableListViewController.swift */,
				6B5A09122323CB01001CBC10 /* TableListViewController.xib */,
			);
			path = "Table List";
			sourceTree = "<group>";
		};
		6B5A09192323D48F001CBC10 /* Cells */ = {
			isa = PBXGroup;
			children = (
				6B5A091A2323D4CF001CBC10 /* SimpleTableViewCell.swift */,
				6B5A091B2323D4CF001CBC10 /* SimpleTableViewCell.xib */,
			);
			path = Cells;
			sourceTree = "<group>";
		};
		6B5A092423241B46001CBC10 /* Views */ = {
			isa = PBXGroup;
			children = (
				6B5A092523241B77001CBC10 /* ToolBarView.swift */,
			);
			path = Views;
			sourceTree = "<group>";
		};
		6B5A092B2324FC29001CBC10 /* Image Service */ = {
			isa = PBXGroup;
			children = (
				6B5A092723243D65001CBC10 /* ImageService.swift */,
				6B5A09292324F53F001CBC10 /* ImageCacheService.swift */,
			);
			path = "Image Service";
			sourceTree = "<group>";
		};
		6BE59888232177FE007C45EC = {
			isa = PBXGroup;
			children = (
				6BE59893232177FE007C45EC /* SwiftTrendingRepos */,
				6BE59892232177FE007C45EC /* Products */,
			);
			sourceTree = "<group>";
		};
		6BE59892232177FE007C45EC /* Products */ = {
			isa = PBXGroup;
			children = (
				6BE59891232177FE007C45EC /* SwiftTrendingRepos.app */,
			);
			name = Products;
			sourceTree = "<group>";
		};
		6BE59893232177FE007C45EC /* SwiftTrendingRepos */ = {
			isa = PBXGroup;
			children = (
				6BE598A0232177FF007C45EC /* Info.plist */,
				6BE59894232177FE007C45EC /* AppDelegate.swift */,
				6B1D9B2123217E8300D02121 /* View Controllers */,
				6B1D9B2A2321827E00D02121 /* Models */,
				6B1D9B2B2321828E00D02121 /* Services */,
				6B1D9B2C232182A800D02121 /* Helpers */,
				6B1D9B252321800C00D02121 /* Other */,
			);
			path = SwiftTrendingRepos;
			sourceTree = "<group>";
		};
/* End PBXGroup section */

/* Begin PBXNativeTarget section */
		6BE59890232177FE007C45EC /* SwiftTrendingRepos */ = {
			isa = PBXNativeTarget;
			buildConfigurationList = 6BE598A3232177FF007C45EC /* Build configuration list for PBXNativeTarget "SwiftTrendingRepos" */;
			buildPhases = (
				6BE5988D232177FE007C45EC /* Sources */,
				6BE5988E232177FE007C45EC /* Frameworks */,
				6BE5988F232177FE007C45EC /* Resources */,
			);
			buildRules = (
			);
			dependencies = (
			);
			name = SwiftTrendingRepos;
			productName = SwiftTrendingRepos;
			productReference = 6BE59891232177FE007C45EC /* SwiftTrendingRepos.app */;
			productType = "com.apple.product-type.application";
		};
/* End PBXNativeTarget section */

/* Begin PBXProject section */
		6BE59889232177FE007C45EC /* Project object */ = {
			isa = PBXProject;
			attributes = {
				LastSwiftUpdateCheck = 1030;
				LastUpgradeCheck = 1030;
				ORGANIZATIONNAME = "Krzysztof Lech";
				TargetAttributes = {
					6BE59890232177FE007C45EC = {
						CreatedOnToolsVersion = 10.3;
					};
				};
			};
			buildConfigurationList = 6BE5988C232177FE007C45EC /* Build configuration list for PBXProject "SwiftTrendingRepos" */;
			compatibilityVersion = "Xcode 9.3";
			developmentRegion = en;
			hasScannedForEncodings = 0;
			knownRegions = (
				en,
				Base,
			);
			mainGroup = 6BE59888232177FE007C45EC;
			productRefGroup = 6BE59892232177FE007C45EC /* Products */;
			projectDirPath = "";
			projectRoot = "";
			targets = (
				6BE59890232177FE007C45EC /* SwiftTrendingRepos */,
			);
		};
/* End PBXProject section */

/* Begin PBXResourcesBuildPhase section */
		6BE5988F232177FE007C45EC /* Resources */ = {
			isa = PBXResourcesBuildPhase;
			buildActionMask = 2147483647;
			files = (
				6B1D9B272321804500D02121 /* LaunchScreen.storyboard in Resources */,
				6B5A091D2323D4CF001CBC10 /* SimpleTableViewCell.xib in Resources */,
				6BE5989C232177FF007C45EC /* Assets.xcassets in Resources */,
				6B5A09142323CB01001CBC10 /* TableListViewController.xib in Resources */,
				6B5A09162323CB9B001CBC10 /* Colors.xcassets in Resources */,
				6B7473CD2323B11B006BBC20 /* ListViewController.xib in Resources */,
				6B1D9B312321846200D02121 /* StartViewController.xib in Resources */,
				6BADB3BD23254B790030245B /* DetailsViewController.xib in Resources */,
			);
			runOnlyForDeploymentPostprocessing = 0;
		};
/* End PBXResourcesBuildPhase section */

/* Begin PBXSourcesBuildPhase section */
		6BE5988D232177FE007C45EC /* Sources */ = {
			isa = PBXSourcesBuildPhase;
			buildActionMask = 2147483647;
			files = (
				6B1D9B4A23218B7E00D02121 /* HeaderKey.swift in Sources */,
				6B5A09182323CC3F001CBC10 /* Colors.swift in Sources */,
				6B1CDFCE232838AA002A77A4 /* GradientView.swift in Sources */,
				6B1D9B5223218B7E00D02121 /* DataExtension.swift in Sources */,
				6B7473D52323B7AF006BBC20 /* ListViewModel.swift in Sources */,
				6B1D9B5023218B7E00D02121 /* URLSessionProvider.swift in Sources */,
				6B1D9B4C23218B7E00D02121 /* NetworkTask.swift in Sources */,
				6B1D9B4D23218B7E00D02121 /* HTTPMethod.swift in Sources */,
				6BE59895232177FE007C45EC /* AppDelegate.swift in Sources */,
				6B7473D22323B36B006BBC20 /* UIView+extensions.swift in Sources */,
				6B7473D92323BF49006BBC20 /* Alert.swift in Sources */,
				6B1D9B5323218B7E00D02121 /* URLRequestExtension.swift in Sources */,
				6B1D9B5823218B7E00D02121 /* ApiService.swift in Sources */,
				6B5A092823243D65001CBC10 /* ImageService.swift in Sources */,
				6B1D9B5423218B7E00D02121 /* ApiServiceWorker.swift in Sources */,
				6B1D9B5523218B7E00D02121 /* ServiceProtocol.swift in Sources */,
				6B1D9B302321846200D02121 /* StartViewController.swift in Sources */,
				6B5A091F2323DA9B001CBC10 /* UITableView+extensions.swift in Sources */,
				6B1D9B4F23218B7E00D02121 /* NetworkError.swift in Sources */,
				6B1D9B5623218B7E00D02121 /* URLSessionProtocol.swift in Sources */,
				6B1D9B4B23218B7E00D02121 /* ParametersEncoding.swift in Sources */,
				6B5A09132323CB01001CBC10 /* TableListViewController.swift in Sources */,
				6B7473D32323B36B006BBC20 /* UIViewController+extensions.swift in Sources */,
				6B7473CC2323B11B006BBC20 /* ListViewController.swift in Sources */,
				6B1D9B332321896100D02121 /* GithubRepo.swift in Sources */,
				6B1D9B5123218B7E00D02121 /* URLComponentsExtension.swift in Sources */,
				6B5A092623241B77001CBC10 /* ToolBarView.swift in Sources */,
				6B5A092A2324F540001CBC10 /* ImageCacheService.swift in Sources */,
				6BADB3BC23254B790030245B /* DetailsViewController.swift in Sources */,
				6B5A0921232412F1001CBC10 /* GithubRepoViewModel.swift in Sources */,
				6B5A092323241410001CBC10 /* Int+extensions.swift in Sources */,
				6B5A091C2323D4CF001CBC10 /* SimpleTableViewCell.swift in Sources */,
				6B1D9B5723218B7E00D02121 /* ProviderProtocol.swift in Sources */,
			);
			runOnlyForDeploymentPostprocessing = 0;
		};
/* End PBXSourcesBuildPhase section */

/* Begin XCBuildConfiguration section */
		6BE598A1232177FF007C45EC /* Debug */ = {
			isa = XCBuildConfiguration;
			buildSettings = {
				ALWAYS_SEARCH_USER_PATHS = NO;
				CLANG_ANALYZER_NONNULL = YES;
				CLANG_ANALYZER_NUMBER_OBJECT_CONVERSION = YES_AGGRESSIVE;
				CLANG_CXX_LANGUAGE_STANDARD = "gnu++14";
				CLANG_CXX_LIBRARY = "libc++";
				CLANG_ENABLE_MODULES = YES;
				CLANG_ENABLE_OBJC_ARC = YES;
				CLANG_ENABLE_OBJC_WEAK = YES;
				CLANG_WARN_BLOCK_CAPTURE_AUTORELEASING = YES;
				CLANG_WARN_BOOL_CONVERSION = YES;
				CLANG_WARN_COMMA = YES;
				CLANG_WARN_CONSTANT_CONVERSION = YES;
				CLANG_WARN_DEPRECATED_OBJC_IMPLEMENTATIONS = YES;
				CLANG_WARN_DIRECT_OBJC_ISA_USAGE = YES_ERROR;
				CLANG_WARN_DOCUMENTATION_COMMENTS = YES;
				CLANG_WARN_EMPTY_BODY = YES;
				CLANG_WARN_ENUM_CONVERSION = YES;
				CLANG_WARN_INFINITE_RECURSION = YES;
				CLANG_WARN_INT_CONVERSION = YES;
				CLANG_WARN_NON_LITERAL_NULL_CONVERSION = YES;
				CLANG_WARN_OBJC_IMPLICIT_RETAIN_SELF = YES;
				CLANG_WARN_OBJC_LITERAL_CONVERSION = YES;
				CLANG_WARN_OBJC_ROOT_CLASS = YES_ERROR;
				CLANG_WARN_RANGE_LOOP_ANALYSIS = YES;
				CLANG_WARN_STRICT_PROTOTYPES = YES;
				CLANG_WARN_SUSPICIOUS_MOVE = YES;
				CLANG_WARN_UNGUARDED_AVAILABILITY = YES_AGGRESSIVE;
				CLANG_WARN_UNREACHABLE_CODE = YES;
				CLANG_WARN__DUPLICATE_METHOD_MATCH = YES;
				CODE_SIGN_IDENTITY = "iPhone Developer";
				COPY_PHASE_STRIP = NO;
				DEBUG_INFORMATION_FORMAT = dwarf;
				ENABLE_STRICT_OBJC_MSGSEND = YES;
				ENABLE_TESTABILITY = YES;
				GCC_C_LANGUAGE_STANDARD = gnu11;
				GCC_DYNAMIC_NO_PIC = NO;
				GCC_NO_COMMON_BLOCKS = YES;
				GCC_OPTIMIZATION_LEVEL = 0;
				GCC_PREPROCESSOR_DEFINITIONS = (
					"DEBUG=1",
					"$(inherited)",
				);
				GCC_WARN_64_TO_32_BIT_CONVERSION = YES;
				GCC_WARN_ABOUT_RETURN_TYPE = YES_ERROR;
				GCC_WARN_UNDECLARED_SELECTOR = YES;
				GCC_WARN_UNINITIALIZED_AUTOS = YES_AGGRESSIVE;
				GCC_WARN_UNUSED_FUNCTION = YES;
				GCC_WARN_UNUSED_VARIABLE = YES;
				IPHONEOS_DEPLOYMENT_TARGET = 12.4;
				MTL_ENABLE_DEBUG_INFO = INCLUDE_SOURCE;
				MTL_FAST_MATH = YES;
				ONLY_ACTIVE_ARCH = YES;
				SDKROOT = iphoneos;
				SWIFT_ACTIVE_COMPILATION_CONDITIONS = DEBUG;
				SWIFT_OPTIMIZATION_LEVEL = "-Onone";
			};
			name = Debug;
		};
		6BE598A2232177FF007C45EC /* Release */ = {
			isa = XCBuildConfiguration;
			buildSettings = {
				ALWAYS_SEARCH_USER_PATHS = NO;
				CLANG_ANALYZER_NONNULL = YES;
				CLANG_ANALYZER_NUMBER_OBJECT_CONVERSION = YES_AGGRESSIVE;
				CLANG_CXX_LANGUAGE_STANDARD = "gnu++14";
				CLANG_CXX_LIBRARY = "libc++";
				CLANG_ENABLE_MODULES = YES;
				CLANG_ENABLE_OBJC_ARC = YES;
				CLANG_ENABLE_OBJC_WEAK = YES;
				CLANG_WARN_BLOCK_CAPTURE_AUTORELEASING = YES;
				CLANG_WARN_BOOL_CONVERSION = YES;
				CLANG_WARN_COMMA = YES;
				CLANG_WARN_CONSTANT_CONVERSION = YES;
				CLANG_WARN_DEPRECATED_OBJC_IMPLEMENTATIONS = YES;
				CLANG_WARN_DIRECT_OBJC_ISA_USAGE = YES_ERROR;
				CLANG_WARN_DOCUMENTATION_COMMENTS = YES;
				CLANG_WARN_EMPTY_BODY = YES;
				CLANG_WARN_ENUM_CONVERSION = YES;
				CLANG_WARN_INFINITE_RECURSION = YES;
				CLANG_WARN_INT_CONVERSION = YES;
				CLANG_WARN_NON_LITERAL_NULL_CONVERSION = YES;
				CLANG_WARN_OBJC_IMPLICIT_RETAIN_SELF = YES;
				CLANG_WARN_OBJC_LITERAL_CONVERSION = YES;
				CLANG_WARN_OBJC_ROOT_CLASS = YES_ERROR;
				CLANG_WARN_RANGE_LOOP_ANALYSIS = YES;
				CLANG_WARN_STRICT_PROTOTYPES = YES;
				CLANG_WARN_SUSPICIOUS_MOVE = YES;
				CLANG_WARN_UNGUARDED_AVAILABILITY = YES_AGGRESSIVE;
				CLANG_WARN_UNREACHABLE_CODE = YES;
				CLANG_WARN__DUPLICATE_METHOD_MATCH = YES;
				CODE_SIGN_IDENTITY = "iPhone Developer";
				COPY_PHASE_STRIP = NO;
				DEBUG_INFORMATION_FORMAT = "dwarf-with-dsym";
				ENABLE_NS_ASSERTIONS = NO;
				ENABLE_STRICT_OBJC_MSGSEND = YES;
				GCC_C_LANGUAGE_STANDARD = gnu11;
				GCC_NO_COMMON_BLOCKS = YES;
				GCC_WARN_64_TO_32_BIT_CONVERSION = YES;
				GCC_WARN_ABOUT_RETURN_TYPE = YES_ERROR;
				GCC_WARN_UNDECLARED_SELECTOR = YES;
				GCC_WARN_UNINITIALIZED_AUTOS = YES_AGGRESSIVE;
				GCC_WARN_UNUSED_FUNCTION = YES;
				GCC_WARN_UNUSED_VARIABLE = YES;
				IPHONEOS_DEPLOYMENT_TARGET = 12.4;
				MTL_ENABLE_DEBUG_INFO = NO;
				MTL_FAST_MATH = YES;
				SDKROOT = iphoneos;
				SWIFT_COMPILATION_MODE = wholemodule;
				SWIFT_OPTIMIZATION_LEVEL = "-O";
				VALIDATE_PRODUCT = YES;
			};
			name = Release;
		};
		6BE598A4232177FF007C45EC /* Debug */ = {
			isa = XCBuildConfiguration;
			buildSettings = {
				ASSETCATALOG_COMPILER_APPICON_NAME = AppIcon;
				CODE_SIGN_STYLE = Automatic;
				DEVELOPMENT_TEAM = 2UGBQYC9Y9;
				INFOPLIST_FILE = SwiftTrendingRepos/Info.plist;
				LD_RUNPATH_SEARCH_PATHS = (
					"$(inherited)",
					"@executable_path/Frameworks",
				);
				PRODUCT_BUNDLE_IDENTIFIER = kl.24abc.pl.SwiftTrendingRepos;
				PRODUCT_NAME = "$(TARGET_NAME)";
				SWIFT_VERSION = 5.0;
				TARGETED_DEVICE_FAMILY = 1;
			};
			name = Debug;
		};
		6BE598A5232177FF007C45EC /* Release */ = {
			isa = XCBuildConfiguration;
			buildSettings = {
				ASSETCATALOG_COMPILER_APPICON_NAME = AppIcon;
				CODE_SIGN_STYLE = Automatic;
				DEVELOPMENT_TEAM = 2UGBQYC9Y9;
				INFOPLIST_FILE = SwiftTrendingRepos/Info.plist;
				LD_RUNPATH_SEARCH_PATHS = (
					"$(inherited)",
					"@executable_path/Frameworks",
				);
				PRODUCT_BUNDLE_IDENTIFIER = kl.24abc.pl.SwiftTrendingRepos;
				PRODUCT_NAME = "$(TARGET_NAME)";
				SWIFT_VERSION = 5.0;
				TARGETED_DEVICE_FAMILY = 1;
			};
			name = Release;
		};
/* End XCBuildConfiguration section */

/* Begin XCConfigurationList section */
		6BE5988C232177FE007C45EC /* Build configuration list for PBXProject "SwiftTrendingRepos" */ = {
			isa = XCConfigurationList;
			buildConfigurations = (
				6BE598A1232177FF007C45EC /* Debug */,
				6BE598A2232177FF007C45EC /* Release */,
			);
			defaultConfigurationIsVisible = 0;
			defaultConfigurationName = Release;
		};
		6BE598A3232177FF007C45EC /* Build configuration list for PBXNativeTarget "SwiftTrendingRepos" */ = {
			isa = XCConfigurationList;
			buildConfigurations = (
				6BE598A4232177FF007C45EC /* Debug */,
				6BE598A5232177FF007C45EC /* Release */,
			);
			defaultConfigurationIsVisible = 0;
			defaultConfigurationName = Release;
		};
/* End XCConfigurationList section */
	};
	rootObject = 6BE59889232177FE007C45EC /* Project object */;
}
